
Microsoft Visual Studio Solution File, Format Version 12.00
# Visual Studio Version 17
VisualStudioVersion = 17.5.33516.290
MinimumVisualStudioVersion = 10.0.40219.1
Project("{FAE04EC0-301F-11D3-BF4B-00C04F79EFBC}") = "Band_base", "Band_base\Band_base.csproj", "{0BDFB3BD-DA35-4E8A-BA4C-353006BC4F37}"
EndProject
Global
	GlobalSection(SolutionConfigurationPlatforms) = preSolution
		Debug|Any CPU = Debug|Any CPU
		Release|Any CPU = Release|Any CPU
	EndGlobalSection
	GlobalSection(ProjectConfigurationPlatforms) = postSolution
		{0BDFB3BD-DA35-4E8A-BA4C-353006BC4F37}.Debug|Any CPU.ActiveCfg = Debug|Any CPU
		{0BDFB3BD-DA35-4E8A-BA4C-353006BC4F37}.Debug|Any CPU.Build.0 = Debug|Any CPU
		{0BDFB3BD-DA35-4E8A-BA4C-353006BC4F37}.Release|Any CPU.ActiveCfg = Release|Any CPU
		{0BDFB3BD-DA35-4E8A-BA4C-353006BC4F37}.Release|Any CPU.Build.0 = Release|Any CPU
	EndGlobalSection
	GlobalSection(SolutionProperties) = preSolution
		HideSolutionNode = FALSE
	EndGlobalSection
	GlobalSection(ExtensibilityGlobals) = postSolution
		SolutionGuid = {80D070EB-8453-4CE5-9670-58A5F47F7AC5}
	EndGlobalSection
EndGlobal
