
Microsoft Visual Studio Solution File, Format Version 12.00
# Visual Studio Version 17
VisualStudioVersion = 17.7.34031.279
MinimumVisualStudioVersion = 10.0.40219.1
Project("{9A19103F-16F7-4668-BE54-9A1E7A4F7556}") = "Vadaszat.maui", "Vadaszat.maui\Vadaszat.maui.csproj", "{DE72E08E-C30F-42B6-B3D5-8E67DBF611D8}"
EndProject
Project("{9A19103F-16F7-4668-BE54-9A1E7A4F7556}") = "Vadaszat", "Vadaszat\Vadaszat.csproj", "{281E9673-2269-4E2F-BBC9-01303B77C164}"
EndProject
Project("{FAE04EC0-301F-11D3-BF4B-00C04F79EFBC}") = "VadaszatTest", "VadaszatTest\VadaszatTest.csproj", "{44E712BF-F232-4E68-A3FF-81D38B8C0A68}"
EndProject
Global
	GlobalSection(SolutionConfigurationPlatforms) = preSolution
		Debug|Any CPU = Debug|Any CPU
		Release|Any CPU = Release|Any CPU
	EndGlobalSection
	GlobalSection(ProjectConfigurationPlatforms) = postSolution
		{DE72E08E-C30F-42B6-B3D5-8E67DBF611D8}.Debug|Any CPU.ActiveCfg = Debug|Any CPU
		{DE72E08E-C30F-42B6-B3D5-8E67DBF611D8}.Debug|Any CPU.Build.0 = Debug|Any CPU
		{DE72E08E-C30F-42B6-B3D5-8E67DBF611D8}.Debug|Any CPU.Deploy.0 = Debug|Any CPU
		{DE72E08E-C30F-42B6-B3D5-8E67DBF611D8}.Release|Any CPU.ActiveCfg = Release|Any CPU
		{DE72E08E-C30F-42B6-B3D5-8E67DBF611D8}.Release|Any CPU.Build.0 = Release|Any CPU
		{DE72E08E-C30F-42B6-B3D5-8E67DBF611D8}.Release|Any CPU.Deploy.0 = Release|Any CPU
		{281E9673-2269-4E2F-BBC9-01303B77C164}.Debug|Any CPU.ActiveCfg = Debug|Any CPU
		{281E9673-2269-4E2F-BBC9-01303B77C164}.Debug|Any CPU.Build.0 = Debug|Any CPU
		{281E9673-2269-4E2F-BBC9-01303B77C164}.Release|Any CPU.ActiveCfg = Release|Any CPU
		{281E9673-2269-4E2F-BBC9-01303B77C164}.Release|Any CPU.Build.0 = Release|Any CPU
		{44E712BF-F232-4E68-A3FF-81D38B8C0A68}.Debug|Any CPU.ActiveCfg = Debug|Any CPU
		{44E712BF-F232-4E68-A3FF-81D38B8C0A68}.Debug|Any CPU.Build.0 = Debug|Any CPU
		{44E712BF-F232-4E68-A3FF-81D38B8C0A68}.Release|Any CPU.ActiveCfg = Release|Any CPU
		{44E712BF-F232-4E68-A3FF-81D38B8C0A68}.Release|Any CPU.Build.0 = Release|Any CPU
	EndGlobalSection
	GlobalSection(SolutionProperties) = preSolution
		HideSolutionNode = FALSE
	EndGlobalSection
	GlobalSection(ExtensibilityGlobals) = postSolution
		SolutionGuid = {6AB4D8CC-A874-4CC2-9B77-813345CB4731}
	EndGlobalSection
EndGlobal
